// !$*UTF8*$!
{
	archiveVersion = 1;
	classes = {
	};
	objectVersion = 56;
	objects = {

/* Begin PBXBuildFile section */
		299DE02D2BA1D2D800A563B4 /* Rules.swift in Sources */ = {isa = PBXBuildFile; fileRef = 299DE02C2BA1D2D800A563B4 /* Rules.swift */; };
		299F2A5F2B7A68E000BFCD52 /* Crisis_gameApp.swift in Sources */ = {isa = PBXBuildFile; fileRef = 299F2A5E2B7A68E000BFCD52 /* Crisis_gameApp.swift */; };
		299F2A612B7A68E000BFCD52 /* ContentView.swift in Sources */ = {isa = PBXBuildFile; fileRef = 299F2A602B7A68E000BFCD52 /* ContentView.swift */; };
		299F2A632B7A68E100BFCD52 /* Assets.xcassets in Resources */ = {isa = PBXBuildFile; fileRef = 299F2A622B7A68E100BFCD52 /* Assets.xcassets */; };
		299F2A662B7A68E100BFCD52 /* Preview Assets.xcassets in Resources */ = {isa = PBXBuildFile; fileRef = 299F2A652B7A68E100BFCD52 /* Preview Assets.xcassets */; };
		299F2A6D2B7A690200BFCD52 /* Dice.swift in Sources */ = {isa = PBXBuildFile; fileRef = 299F2A6C2B7A690200BFCD52 /* Dice.swift */; };
		299F2A6F2B7A692E00BFCD52 /* Quiz.swift in Sources */ = {isa = PBXBuildFile; fileRef = 299F2A6E2B7A692E00BFCD52 /* Quiz.swift */; };
		299F2A752B87F43800BFCD52 /* rollDiceSound.wav in Resources */ = {isa = PBXBuildFile; fileRef = 299F2A742B87F43800BFCD52 /* rollDiceSound.wav */; };
		29FB6A5E2B965086007B852D /* Props.swift in Sources */ = {isa = PBXBuildFile; fileRef = 29FB6A5D2B965086007B852D /* Props.swift */; };
/* End PBXBuildFile section */

/* Begin PBXFileReference section */
		299DE02C2BA1D2D800A563B4 /* Rules.swift */ = {isa = PBXFileReference; lastKnownFileType = sourcecode.swift; path = Rules.swift; sourceTree = "<group>"; };
		299F2A5B2B7A68E000BFCD52 /* Crisis game.app */ = {isa = PBXFileReference; explicitFileType = wrapper.application; includeInIndex = 0; path = "Crisis game.app"; sourceTree = BUILT_PRODUCTS_DIR; };
		299F2A5E2B7A68E000BFCD52 /* Crisis_gameApp.swift */ = {isa = PBXFileReference; lastKnownFileType = sourcecode.swift; path = Crisis_gameApp.swift; sourceTree = "<group>"; };
		299F2A602B7A68E000BFCD52 /* ContentView.swift */ = {isa = PBXFileReference; lastKnownFileType = sourcecode.swift; path = ContentView.swift; sourceTree = "<group>"; };
		299F2A622B7A68E100BFCD52 /* Assets.xcassets */ = {isa = PBXFileReference; lastKnownFileType = folder.assetcatalog; path = Assets.xcassets; sourceTree = "<group>"; };
		299F2A652B7A68E100BFCD52 /* Preview Assets.xcassets */ = {isa = PBXFileReference; lastKnownFileType = folder.assetcatalog; path = "Preview Assets.xcassets"; sourceTree = "<group>"; };
		299F2A6C2B7A690200BFCD52 /* Dice.swift */ = {isa = PBXFileReference; lastKnownFileType = sourcecode.swift; path = Dice.swift; sourceTree = "<group>"; };
		299F2A6E2B7A692E00BFCD52 /* Quiz.swift */ = {isa = PBXFileReference; lastKnownFileType = sourcecode.swift; path = Quiz.swift; sourceTree = "<group>"; };
		299F2A742B87F43800BFCD52 /* rollDiceSound.wav */ = {isa = PBXFileReference; lastKnownFileType = audio.wav; name = rollDiceSound.wav; path = ../../../Desktop/dices/rollDiceSound.wav; sourceTree = "<group>"; };
		29FB6A5D2B965086007B852D /* Props.swift */ = {isa = PBXFileReference; lastKnownFileType = sourcecode.swift; path = Props.swift; sourceTree = "<group>"; };
/* End PBXFileReference section */

/* Begin PBXFrameworksBuildPhase section */
		299F2A582B7A68E000BFCD52 /* Frameworks */ = {
			isa = PBXFrameworksBuildPhase;
			buildActionMask = 2147483647;
			files = (
			);
			runOnlyForDeploymentPostprocessing = 0;
		};
/* End PBXFrameworksBuildPhase section */

/* Begin PBXGroup section */
		299F2A522B7A68E000BFCD52 = {
			isa = PBXGroup;
			children = (
				299F2A5D2B7A68E000BFCD52 /* Crisis game */,
				299F2A5C2B7A68E000BFCD52 /* Products */,
			);
			sourceTree = "<group>";
		};
		299F2A5C2B7A68E000BFCD52 /* Products */ = {
			isa = PBXGroup;
			children = (
				299F2A5B2B7A68E000BFCD52 /* Crisis game.app */,
			);
			name = Products;
			sourceTree = "<group>";
		};
		299F2A5D2B7A68E000BFCD52 /* Crisis game */ = {
			isa = PBXGroup;
			children = (
				299F2A5E2B7A68E000BFCD52 /* Crisis_gameApp.swift */,
				299F2A602B7A68E000BFCD52 /* ContentView.swift */,
				299F2A622B7A68E100BFCD52 /* Assets.xcassets */,
				299F2A642B7A68E100BFCD52 /* Preview Content */,
				299F2A6C2B7A690200BFCD52 /* Dice.swift */,
				299F2A6E2B7A692E00BFCD52 /* Quiz.swift */,
				299F2A742B87F43800BFCD52 /* rollDiceSound.wav */,
				29FB6A5D2B965086007B852D /* Props.swift */,
				299DE02C2BA1D2D800A563B4 /* Rules.swift */,
			);
			path = "Crisis game";
			sourceTree = "<group>";
		};
		299F2A642B7A68E100BFCD52 /* Preview Content */ = {
			isa = PBXGroup;
			children = (
				299F2A652B7A68E100BFCD52 /* Preview Assets.xcassets */,
			);
			path = "Preview Content";
			sourceTree = "<group>";
		};
/* End PBXGroup section */

/* Begin PBXNativeTarget section */
		299F2A5A2B7A68E000BFCD52 /* Crisis game */ = {
			isa = PBXNativeTarget;
			buildConfigurationList = 299F2A692B7A68E100BFCD52 /* Build configuration list for PBXNativeTarget "Crisis game" */;
			buildPhases = (
				299F2A572B7A68E000BFCD52 /* Sources */,
				299F2A582B7A68E000BFCD52 /* Frameworks */,
				299F2A592B7A68E000BFCD52 /* Resources */,
			);
			buildRules = (
			);
			dependencies = (
			);
			name = "Crisis game";
			productName = "Crisis game";
			productReference = 299F2A5B2B7A68E000BFCD52 /* Crisis game.app */;
			productType = "com.apple.product-type.application";
		};
/* End PBXNativeTarget section */

/* Begin PBXProject section */
		299F2A532B7A68E000BFCD52 /* Project object */ = {
			isa = PBXProject;
			attributes = {
				BuildIndependentTargetsInParallel = 1;
				LastSwiftUpdateCheck = 1520;
				LastUpgradeCheck = 1520;
				TargetAttributes = {
					299F2A5A2B7A68E000BFCD52 = {
						CreatedOnToolsVersion = 15.2;
					};
				};
			};
			buildConfigurationList = 299F2A562B7A68E000BFCD52 /* Build configuration list for PBXProject "Crisis game" */;
			compatibilityVersion = "Xcode 14.0";
			developmentRegion = en;
			hasScannedForEncodings = 0;
			knownRegions = (
				en,
				Base,
			);
			mainGroup = 299F2A522B7A68E000BFCD52;
			productRefGroup = 299F2A5C2B7A68E000BFCD52 /* Products */;
			projectDirPath = "";
			projectRoot = "";
			targets = (
				299F2A5A2B7A68E000BFCD52 /* Crisis game */,
			);
		};
/* End PBXProject section */

/* Begin PBXResourcesBuildPhase section */
		299F2A592B7A68E000BFCD52 /* Resources */ = {
			isa = PBXResourcesBuildPhase;
			buildActionMask = 2147483647;
			files = (
				299F2A752B87F43800BFCD52 /* rollDiceSound.wav in Resources */,
				299F2A662B7A68E100BFCD52 /* Preview Assets.xcassets in Resources */,
				299F2A632B7A68E100BFCD52 /* Assets.xcassets in Resources */,
			);
			runOnlyForDeploymentPostprocessing = 0;
		};
/* End PBXResourcesBuildPhase section */

/* Begin PBXSourcesBuildPhase section */
		299F2A572B7A68E000BFCD52 /* Sources */ = {
			isa = PBXSourcesBuildPhase;
			buildActionMask = 2147483647;
			files = (
				299F2A612B7A68E000BFCD52 /* ContentView.swift in Sources */,
				299F2A6D2B7A690200BFCD52 /* Dice.swift in Sources */,
				299F2A6F2B7A692E00BFCD52 /* Quiz.swift in Sources */,
				299F2A5F2B7A68E000BFCD52 /* Crisis_gameApp.swift in Sources */,
				29FB6A5E2B965086007B852D /* Props.swift in Sources */,
				299DE02D2BA1D2D800A563B4 /* Rules.swift in Sources */,
			);
			runOnlyForDeploymentPostprocessing = 0;
		};
/* End PBXSourcesBuildPhase section */

/* Begin XCBuildConfiguration section */
		299F2A672B7A68E100BFCD52 /* Debug */ = {
			isa = XCBuildConfiguration;
			buildSettings = {
				ALWAYS_SEARCH_USER_PATHS = NO;
				ASSETCATALOG_COMPILER_GENERATE_SWIFT_ASSET_SYMBOL_EXTENSIONS = YES;
				CLANG_ANALYZER_NONNULL = YES;
				CLANG_ANALYZER_NUMBER_OBJECT_CONVERSION = YES_AGGRESSIVE;
				CLANG_CXX_LANGUAGE_STANDARD = "gnu++20";
				CLANG_ENABLE_MODULES = YES;
				CLANG_ENABLE_OBJC_ARC = YES;
				CLANG_ENABLE_OBJC_WEAK = YES;
				CLANG_WARN_BLOCK_CAPTURE_AUTORELEASING = YES;
				CLANG_WARN_BOOL_CONVERSION = YES;
				CLANG_WARN_COMMA = YES;
				CLANG_WARN_CONSTANT_CONVERSION = YES;
				CLANG_WARN_DEPRECATED_OBJC_IMPLEMENTATIONS = YES;
				CLANG_WARN_DIRECT_OBJC_ISA_USAGE = YES_ERROR;
				CLANG_WARN_DOCUMENTATION_COMMENTS = YES;
				CLANG_WARN_EMPTY_BODY = YES;
				CLANG_WARN_ENUM_CONVERSION = YES;
				CLANG_WARN_INFINITE_RECURSION = YES;
				CLANG_WARN_INT_CONVERSION = YES;
				CLANG_WARN_NON_LITERAL_NULL_CONVERSION = YES;
				CLANG_WARN_OBJC_IMPLICIT_RETAIN_SELF = YES;
				CLANG_WARN_OBJC_LITERAL_CONVERSION = YES;
				CLANG_WARN_OBJC_ROOT_CLASS = YES_ERROR;
				CLANG_WARN_QUOTED_INCLUDE_IN_FRAMEWORK_HEADER = YES;
				CLANG_WARN_RANGE_LOOP_ANALYSIS = YES;
				CLANG_WARN_STRICT_PROTOTYPES = YES;
				CLANG_WARN_SUSPICIOUS_MOVE = YES;
				CLANG_WARN_UNGUARDED_AVAILABILITY = YES_AGGRESSIVE;
				CLANG_WARN_UNREACHABLE_CODE = YES;
				CLANG_WARN__DUPLICATE_METHOD_MATCH = YES;
				COPY_PHASE_STRIP = NO;
				DEBUG_INFORMATION_FORMAT = dwarf;
				ENABLE_STRICT_OBJC_MSGSEND = YES;
				ENABLE_TESTABILITY = YES;
				ENABLE_USER_SCRIPT_SANDBOXING = YES;
				GCC_C_LANGUAGE_STANDARD = gnu17;
				GCC_DYNAMIC_NO_PIC = NO;
				GCC_NO_COMMON_BLOCKS = YES;
				GCC_OPTIMIZATION_LEVEL = 0;
				GCC_PREPROCESSOR_DEFINITIONS = (
					"DEBUG=1",
					"$(inherited)",
				);
				GCC_WARN_64_TO_32_BIT_CONVERSION = YES;
				GCC_WARN_ABOUT_RETURN_TYPE = YES_ERROR;
				GCC_WARN_UNDECLARED_SELECTOR = YES;
				GCC_WARN_UNINITIALIZED_AUTOS = YES_AGGRESSIVE;
				GCC_WARN_UNUSED_FUNCTION = YES;
				GCC_WARN_UNUSED_VARIABLE = YES;
				IPHONEOS_DEPLOYMENT_TARGET = 17.2;
				LOCALIZATION_PREFERS_STRING_CATALOGS = YES;
				MTL_ENABLE_DEBUG_INFO = INCLUDE_SOURCE;
				MTL_FAST_MATH = YES;
				ONLY_ACTIVE_ARCH = YES;
				SDKROOT = iphoneos;
				SWIFT_ACTIVE_COMPILATION_CONDITIONS = "DEBUG $(inherited)";
				SWIFT_OPTIMIZATION_LEVEL = "-Onone";
			};
			name = Debug;
		};
		299F2A682B7A68E100BFCD52 /* Release */ = {
			isa = XCBuildConfiguration;
			buildSettings = {
				ALWAYS_SEARCH_USER_PATHS = NO;
				ASSETCATALOG_COMPILER_GENERATE_SWIFT_ASSET_SYMBOL_EXTENSIONS = YES;
				CLANG_ANALYZER_NONNULL = YES;
				CLANG_ANALYZER_NUMBER_OBJECT_CONVERSION = YES_AGGRESSIVE;
				CLANG_CXX_LANGUAGE_STANDARD = "gnu++20";
				CLANG_ENABLE_MODULES = YES;
				CLANG_ENABLE_OBJC_ARC = YES;
				CLANG_ENABLE_OBJC_WEAK = YES;
				CLANG_WARN_BLOCK_CAPTURE_AUTORELEASING = YES;
				CLANG_WARN_BOOL_CONVERSION = YES;
				CLANG_WARN_COMMA = YES;
				CLANG_WARN_CONSTANT_CONVERSION = YES;
				CLANG_WARN_DEPRECATED_OBJC_IMPLEMENTATIONS = YES;
				CLANG_WARN_DIRECT_OBJC_ISA_USAGE = YES_ERROR;
				CLANG_WARN_DOCUMENTATION_COMMENTS = YES;
				CLANG_WARN_EMPTY_BODY = YES;
				CLANG_WARN_ENUM_CONVERSION = YES;
				CLANG_WARN_INFINITE_RECURSION = YES;
				CLANG_WARN_INT_CONVERSION = YES;
				CLANG_WARN_NON_LITERAL_NULL_CONVERSION = YES;
				CLANG_WARN_OBJC_IMPLICIT_RETAIN_SELF = YES;
				CLANG_WARN_OBJC_LITERAL_CONVERSION = YES;
				CLANG_WARN_OBJC_ROOT_CLASS = YES_ERROR;
				CLANG_WARN_QUOTED_INCLUDE_IN_FRAMEWORK_HEADER = YES;
				CLANG_WARN_RANGE_LOOP_ANALYSIS = YES;
				CLANG_WARN_STRICT_PROTOTYPES = YES;
				CLANG_WARN_SUSPICIOUS_MOVE = YES;
				CLANG_WARN_UNGUARDED_AVAILABILITY = YES_AGGRESSIVE;
				CLANG_WARN_UNREACHABLE_CODE = YES;
				CLANG_WARN__DUPLICATE_METHOD_MATCH = YES;
				COPY_PHASE_STRIP = NO;
				DEBUG_INFORMATION_FORMAT = "dwarf-with-dsym";
				ENABLE_NS_ASSERTIONS = NO;
				ENABLE_STRICT_OBJC_MSGSEND = YES;
				ENABLE_USER_SCRIPT_SANDBOXING = YES;
				GCC_C_LANGUAGE_STANDARD = gnu17;
				GCC_NO_COMMON_BLOCKS = YES;
				GCC_WARN_64_TO_32_BIT_CONVERSION = YES;
				GCC_WARN_ABOUT_RETURN_TYPE = YES_ERROR;
				GCC_WARN_UNDECLARED_SELECTOR = YES;
				GCC_WARN_UNINITIALIZED_AUTOS = YES_AGGRESSIVE;
				GCC_WARN_UNUSED_FUNCTION = YES;
				GCC_WARN_UNUSED_VARIABLE = YES;
				IPHONEOS_DEPLOYMENT_TARGET = 17.2;
				LOCALIZATION_PREFERS_STRING_CATALOGS = YES;
				MTL_ENABLE_DEBUG_INFO = NO;
				MTL_FAST_MATH = YES;
				SDKROOT = iphoneos;
				SWIFT_COMPILATION_MODE = wholemodule;
				VALIDATE_PRODUCT = YES;
			};
			name = Release;
		};
		299F2A6A2B7A68E100BFCD52 /* Debug */ = {
			isa = XCBuildConfiguration;
			buildSettings = {
				ASSETCATALOG_COMPILER_APPICON_NAME = AppIcon;
				ASSETCATALOG_COMPILER_GLOBAL_ACCENT_COLOR_NAME = AccentColor;
				CODE_SIGN_STYLE = Automatic;
				CURRENT_PROJECT_VERSION = 1;
				DEVELOPMENT_ASSET_PATHS = "\"Crisis game/Preview Content\"";
				DEVELOPMENT_TEAM = 7D6XYSU29K;
				ENABLE_PREVIEWS = YES;
				GENERATE_INFOPLIST_FILE = YES;
				INFOPLIST_KEY_UIApplicationSceneManifest_Generation = YES;
				INFOPLIST_KEY_UIApplicationSupportsIndirectInputEvents = YES;
				INFOPLIST_KEY_UILaunchScreen_Generation = YES;
				INFOPLIST_KEY_UISupportedInterfaceOrientations_iPad = "UIInterfaceOrientationPortrait UIInterfaceOrientationPortraitUpsideDown UIInterfaceOrientationLandscapeLeft UIInterfaceOrientationLandscapeRight";
				INFOPLIST_KEY_UISupportedInterfaceOrientations_iPhone = "UIInterfaceOrientationPortrait UIInterfaceOrientationLandscapeLeft UIInterfaceOrientationLandscapeRight";
				IPHONEOS_DEPLOYMENT_TARGET = 16.0;
				LD_RUNPATH_SEARCH_PATHS = (
					"$(inherited)",
					"@executable_path/Frameworks",
				);
				MARKETING_VERSION = 1.0;
				PRODUCT_BUNDLE_IDENTIFIER = "com.xdu.wzh.Crisis-game";
				PRODUCT_NAME = "$(TARGET_NAME)";
				SWIFT_EMIT_LOC_STRINGS = YES;
				SWIFT_VERSION = 5.0;
				TARGETED_DEVICE_FAMILY = "1,2";
			};
			name = Debug;
		};
		299F2A6B2B7A68E100BFCD52 /* Release */ = {
			isa = XCBuildConfiguration;
			buildSettings = {
				ASSETCATALOG_COMPILER_APPICON_NAME = AppIcon;
				ASSETCATALOG_COMPILER_GLOBAL_ACCENT_COLOR_NAME = AccentColor;
				CODE_SIGN_STYLE = Automatic;
				CURRENT_PROJECT_VERSION = 1;
				DEVELOPMENT_ASSET_PATHS = "\"Crisis game/Preview Content\"";
				DEVELOPMENT_TEAM = 7D6XYSU29K;
				ENABLE_PREVIEWS = YES;
				GENERATE_INFOPLIST_FILE = YES;
				INFOPLIST_KEY_UIApplicationSceneManifest_Generation = YES;
				INFOPLIST_KEY_UIApplicationSupportsIndirectInputEvents = YES;
				INFOPLIST_KEY_UILaunchScreen_Generation = YES;
				INFOPLIST_KEY_UISupportedInterfaceOrientations_iPad = "UIInterfaceOrientationPortrait UIInterfaceOrientationPortraitUpsideDown UIInterfaceOrientationLandscapeLeft UIInterfaceOrientationLandscapeRight";
				INFOPLIST_KEY_UISupportedInterfaceOrientations_iPhone = "UIInterfaceOrientationPortrait UIInterfaceOrientationLandscapeLeft UIInterfaceOrientationLandscapeRight";
				IPHONEOS_DEPLOYMENT_TARGET = 16.0;
				LD_RUNPATH_SEARCH_PATHS = (
					"$(inherited)",
					"@executable_path/Frameworks",
				);
				MARKETING_VERSION = 1.0;
				PRODUCT_BUNDLE_IDENTIFIER = "com.xdu.wzh.Crisis-game";
				PRODUCT_NAME = "$(TARGET_NAME)";
				SWIFT_EMIT_LOC_STRINGS = YES;
				SWIFT_VERSION = 5.0;
				TARGETED_DEVICE_FAMILY = "1,2";
			};
			name = Release;
		};
/* End XCBuildConfiguration section */

/* Begin XCConfigurationList section */
		299F2A562B7A68E000BFCD52 /* Build configuration list for PBXProject "Crisis game" */ = {
			isa = XCConfigurationList;
			buildConfigurations = (
				299F2A672B7A68E100BFCD52 /* Debug */,
				299F2A682B7A68E100BFCD52 /* Release */,
			);
			defaultConfigurationIsVisible = 0;
			defaultConfigurationName = Release;
		};
		299F2A692B7A68E100BFCD52 /* Build configuration list for PBXNativeTarget "Crisis game" */ = {
			isa = XCConfigurationList;
			buildConfigurations = (
				299F2A6A2B7A68E100BFCD52 /* Debug */,
				299F2A6B2B7A68E100BFCD52 /* Release */,
			);
			defaultConfigurationIsVisible = 0;
			defaultConfigurationName = Release;
		};
/* End XCConfigurationList section */
	};
	rootObject = 299F2A532B7A68E000BFCD52 /* Project object */;
}
